// !$*UTF8*$!
{
	archiveVersion = 1;
	classes = {
	};
	objectVersion = 46;
	objects = {

/* Begin PBXBuildFile section */
		432FFCAA1E2D3BC2005BFBDA /* AppDelegate.swift in Sources */ = {isa = PBXBuildFile; fileRef = 432FFCA91E2D3BC2005BFBDA /* AppDelegate.swift */; };
		432FFCAC1E2D3BC2005BFBDA /* ViewController.swift in Sources */ = {isa = PBXBuildFile; fileRef = 432FFCAB1E2D3BC2005BFBDA /* ViewController.swift */; };
		432FFCAF1E2D3BC2005BFBDA /* Main.storyboard in Resources */ = {isa = PBXBuildFile; fileRef = 432FFCAD1E2D3BC2005BFBDA /* Main.storyboard */; };
		432FFCB11E2D3BC2005BFBDA /* Assets.xcassets in Resources */ = {isa = PBXBuildFile; fileRef = 432FFCB01E2D3BC2005BFBDA /* Assets.xcassets */; };
		432FFCB41E2D3BC2005BFBDA /* LaunchScreen.storyboard in Resources */ = {isa = PBXBuildFile; fileRef = 432FFCB21E2D3BC2005BFBDA /* LaunchScreen.storyboard */; };
/* End PBXBuildFile section */

/* Begin PBXFileReference section */
		432FFCA61E2D3BC2005BFBDA /* iOS Custom TableViewCell Example.app */ = {isa = PBXFileReference; explicitFileType = wrapper.application; includeInIndex = 0; path = "iOS Custom TableViewCell Example.app"; sourceTree = BUILT_PRODUCTS_DIR; };
		432FFCA91E2D3BC2005BFBDA /* AppDelegate.swift */ = {isa = PBXFileReference; lastKnownFileType = sourcecode.swift; path = AppDelegate.swift; sourceTree = "<group>"; };
		432FFCAB1E2D3BC2005BFBDA /* ViewController.swift */ = {isa = PBXFileReference; lastKnownFileType = sourcecode.swift; path = ViewController.swift; sourceTree = "<group>"; };
		432FFCAE1E2D3BC2005BFBDA /* Base */ = {isa = PBXFileReference; lastKnownFileType = file.storyboard; name = Base; path = Base.lproj/Main.storyboard; sourceTree = "<group>"; };
		432FFCB01E2D3BC2005BFBDA /* Assets.xcassets */ = {isa = PBXFileReference; lastKnownFileType = folder.assetcatalog; path = Assets.xcassets; sourceTree = "<group>"; };
		432FFCB31E2D3BC2005BFBDA /* Base */ = {isa = PBXFileReference; lastKnownFileType = file.storyboard; name = Base; path = Base.lproj/LaunchScreen.storyboard; sourceTree = "<group>"; };
		432FFCB51E2D3BC2005BFBDA /* Info.plist */ = {isa = PBXFileReference; lastKnownFileType = text.plist.xml; path = Info.plist; sourceTree = "<group>"; };
/* End PBXFileReference section */

/* Begin PBXFrameworksBuildPhase section */
		432FFCA31E2D3BC1005BFBDA /* Frameworks */ = {
			isa = PBXFrameworksBuildPhase;
			buildActionMask = 2147483647;
			files = (
			);
			runOnlyForDeploymentPostprocessing = 0;
		};
/* End PBXFrameworksBuildPhase section */

/* Begin PBXGroup section */
		432FFC9D1E2D3BC1005BFBDA = {
			isa = PBXGroup;
			children = (
				432FFCA81E2D3BC2005BFBDA /* iOS Custom TableViewCell Example */,
				432FFCA71E2D3BC2005BFBDA /* Products */,
			);
			sourceTree = "<group>";
		};
		432FFCA71E2D3BC2005BFBDA /* Products */ = {
			isa = PBXGroup;
			children = (
				432FFCA61E2D3BC2005BFBDA /* iOS Custom TableViewCell Example.app */,
			);
			name = Products;
			sourceTree = "<group>";
		};
		432FFCA81E2D3BC2005BFBDA /* iOS Custom TableViewCell Example */ = {
			isa = PBXGroup;
			children = (
				432FFCA91E2D3BC2005BFBDA /* AppDelegate.swift */,
				432FFCAB1E2D3BC2005BFBDA /* ViewController.swift */,
				432FFCAD1E2D3BC2005BFBDA /* Main.storyboard */,
				432FFCB01E2D3BC2005BFBDA /* Assets.xcassets */,
				432FFCB21E2D3BC2005BFBDA /* LaunchScreen.storyboard */,
				432FFCB51E2D3BC2005BFBDA /* Info.plist */,
			);
			path = "iOS Custom TableViewCell Example";
			sourceTree = "<group>";
		};
/* End PBXGroup section */

/* Begin PBXNativeTarget section */
		432FFCA51E2D3BC1005BFBDA /* iOS Custom TableViewCell Example */ = {
			isa = PBXNativeTarget;
			buildConfigurationList = 432FFCB81E2D3BC2005BFBDA /* Build configuration list for PBXNativeTarget "iOS Custom TableViewCell Example" */;
			buildPhases = (
				432FFCA21E2D3BC1005BFBDA /* Sources */,
				432FFCA31E2D3BC1005BFBDA /* Frameworks */,
				432FFCA41E2D3BC1005BFBDA /* Resources */,
			);
			buildRules = (
			);
			dependencies = (
			);
			name = "iOS Custom TableViewCell Example";
			productName = "iOS Custom TableViewCell Example";
			productReference = 432FFCA61E2D3BC2005BFBDA /* iOS Custom TableViewCell Example.app */;
			productType = "com.apple.product-type.application";
		};
/* End PBXNativeTarget section */

/* Begin PBXProject section */
		432FFC9E1E2D3BC1005BFBDA /* Project object */ = {
			isa = PBXProject;
			attributes = {
				LastSwiftUpdateCheck = 0810;
				LastUpgradeCheck = 0810;
				ORGANIZATIONNAME = "MKHG Lab";
				TargetAttributes = {
					432FFCA51E2D3BC1005BFBDA = {
						CreatedOnToolsVersion = 8.1;
						ProvisioningStyle = Automatic;
					};
				};
			};
			buildConfigurationList = 432FFCA11E2D3BC1005BFBDA /* Build configuration list for PBXProject "iOS Custom TableViewCell Example" */;
			compatibilityVersion = "Xcode 3.2";
			developmentRegion = English;
			hasScannedForEncodings = 0;
			knownRegions = (
				en,
				Base,
			);
			mainGroup = 432FFC9D1E2D3BC1005BFBDA;
			productRefGroup = 432FFCA71E2D3BC2005BFBDA /* Products */;
			projectDirPath = "";
			projectRoot = "";
			targets = (
				432FFCA51E2D3BC1005BFBDA /* iOS Custom TableViewCell Example */,
			);
		};
/* End PBXProject section */

/* Begin PBXResourcesBuildPhase section */
		432FFCA41E2D3BC1005BFBDA /* Resources */ = {
			isa = PBXResourcesBuildPhase;
			buildActionMask = 2147483647;
			files = (
				432FFCB41E2D3BC2005BFBDA /* LaunchScreen.storyboard in Resources */,
				432FFCB11E2D3BC2005BFBDA /* Assets.xcassets in Resources */,
				432FFCAF1E2D3BC2005BFBDA /* Main.storyboard in Resources */,
			);
			runOnlyForDeploymentPostprocessing = 0;
		};
/* End PBXResourcesBuildPhase section */

/* Begin PBXSourcesBuildPhase section */
		432FFCA21E2D3BC1005BFBDA /* Sources */ = {
			isa = PBXSourcesBuildPhase;
			buildActionMask = 2147483647;
			files = (
				432FFCAC1E2D3BC2005BFBDA /* ViewController.swift in Sources */,
				432FFCAA1E2D3BC2005BFBDA /* AppDelegate.swift in Sources */,
			);
			runOnlyForDeploymentPostprocessing = 0;
		};
/* End PBXSourcesBuildPhase section */

/* Begin PBXVariantGroup section */
		432FFCAD1E2D3BC2005BFBDA /* Main.storyboard */ = {
			isa = PBXVariantGroup;
			children = (
				432FFCAE1E2D3BC2005BFBDA /* Base */,
			);
			name = Main.storyboard;
			sourceTree = "<group>";
		};
		432FFCB21E2D3BC2005BFBDA /* LaunchScreen.storyboard */ = {
			isa = PBXVariantGroup;
			children = (
				432FFCB31E2D3BC2005BFBDA /* Base */,
			);
			name = LaunchScreen.storyboard;
			sourceTree = "<group>";
		};
/* End PBXVariantGroup section */

/* Begin XCBuildConfiguration section */
		432FFCB61E2D3BC2005BFBDA /* Debug */ = {
			isa = XCBuildConfiguration;
			buildSettings = {
				ALWAYS_SEARCH_USER_PATHS = NO;
				CLANG_ANALYZER_NONNULL = YES;
				CLANG_CXX_LANGUAGE_STANDARD = "gnu++0x";
				CLANG_CXX_LIBRARY = "libc++";
				CLANG_ENABLE_MODULES = YES;
				CLANG_ENABLE_OBJC_ARC = YES;
				CLANG_WARN_BOOL_CONVERSION = YES;
				CLANG_WARN_CONSTANT_CONVERSION = YES;
				CLANG_WARN_DIRECT_OBJC_ISA_USAGE = YES_ERROR;
				CLANG_WARN_DOCUMENTATION_COMMENTS = YES;
				CLANG_WARN_EMPTY_BODY = YES;
				CLANG_WARN_ENUM_CONVERSION = YES;
				CLANG_WARN_INFINITE_RECURSION = YES;
				CLANG_WARN_INT_CONVERSION = YES;
				CLANG_WARN_OBJC_ROOT_CLASS = YES_ERROR;
				CLANG_WARN_SUSPICIOUS_MOVES = YES;
				CLANG_WARN_UNREACHABLE_CODE = YES;
				CLANG_WARN__DUPLICATE_METHOD_MATCH = YES;
				"CODE_SIGN_IDENTITY[sdk=iphoneos*]" = "iPhone Developer";
				COPY_PHASE_STRIP = NO;
				DEBUG_INFORMATION_FORMAT = dwarf;
				ENABLE_STRICT_OBJC_MSGSEND = YES;
				ENABLE_TESTABILITY = YES;
				GCC_C_LANGUAGE_STANDARD = gnu99;
				GCC_DYNAMIC_NO_PIC = NO;
				GCC_NO_COMMON_BLOCKS = YES;
				GCC_OPTIMIZATION_LEVEL = 0;
				GCC_PREPROCESSOR_DEFINITIONS = (
					"DEBUG=1",
					"$(inherited)",
				);
				GCC_WARN_64_TO_32_BIT_CONVERSION = YES;
				GCC_WARN_ABOUT_RETURN_TYPE = YES_ERROR;
				GCC_WARN_UNDECLARED_SELECTOR = YES;
				GCC_WARN_UNINITIALIZED_AUTOS = YES_AGGRESSIVE;
				GCC_WARN_UNUSED_FUNCTION = YES;
				GCC_WARN_UNUSED_VARIABLE = YES;
				IPHONEOS_DEPLOYMENT_TARGET = 10.1;
				MTL_ENABLE_DEBUG_INFO = YES;
				ONLY_ACTIVE_ARCH = YES;
				SDKROOT = iphoneos;
				SWIFT_ACTIVE_COMPILATION_CONDITIONS = DEBUG;
				SWIFT_OPTIMIZATION_LEVEL = "-Onone";
				TARGETED_DEVICE_FAMILY = "1,2";
			};
			name = Debug;
		};
		432FFCB71E2D3BC2005BFBDA /* Release */ = {
			isa = XCBuildConfiguration;
			buildSettings = {
				ALWAYS_SEARCH_USER_PATHS = NO;
				CLANG_ANALYZER_NONNULL = YES;
				CLANG_CXX_LANGUAGE_STANDARD = "gnu++0x";
				CLANG_CXX_LIBRARY = "libc++";
				CLANG_ENABLE_MODULES = YES;
				CLANG_ENABLE_OBJC_ARC = YES;
				CLANG_WARN_BOOL_CONVERSION = YES;
				CLANG_WARN_CONSTANT_CONVERSION = YES;
				CLANG_WARN_DIRECT_OBJC_ISA_USAGE = YES_ERROR;
				CLANG_WARN_DOCUMENTATION_COMMENTS = YES;
				CLANG_WARN_EMPTY_BODY = YES;
				CLANG_WARN_ENUM_CONVERSION = YES;
				CLANG_WARN_INFINITE_RECURSION = YES;
				CLANG_WARN_INT_CONVERSION = YES;
				CLANG_WARN_OBJC_ROOT_CLASS = YES_ERROR;
				CLANG_WARN_SUSPICIOUS_MOVES = YES;
				CLANG_WARN_UNREACHABLE_CODE = YES;
				CLANG_WARN__DUPLICATE_METHOD_MATCH = YES;
				"CODE_SIGN_IDENTITY[sdk=iphoneos*]" = "iPhone Developer";
				COPY_PHASE_STRIP = NO;
				DEBUG_INFORMATION_FORMAT = "dwarf-with-dsym";
				ENABLE_NS_ASSERTIONS = NO;
				ENABLE_STRICT_OBJC_MSGSEND = YES;
				GCC_C_LANGUAGE_STANDARD = gnu99;
				GCC_NO_COMMON_BLOCKS = YES;
				GCC_WARN_64_TO_32_BIT_CONVERSION = YES;
				GCC_WARN_ABOUT_RETURN_TYPE = YES_ERROR;
				GCC_WARN_UNDECLARED_SELECTOR = YES;
				GCC_WARN_UNINITIALIZED_AUTOS = YES_AGGRESSIVE;
				GCC_WARN_UNUSED_FUNCTION = YES;
				GCC_WARN_UNUSED_VARIABLE = YES;
				IPHONEOS_DEPLOYMENT_TARGET = 10.1;
				MTL_ENABLE_DEBUG_INFO = NO;
				SDKROOT = iphoneos;
				SWIFT_OPTIMIZATION_LEVEL = "-Owholemodule";
				TARGETED_DEVICE_FAMILY = "1,2";
				VALIDATE_PRODUCT = YES;
			};
			name = Release;
		};
		432FFCB91E2D3BC2005BFBDA /* Debug */ = {
			isa = XCBuildConfiguration;
			buildSettings = {
				ASSETCATALOG_COMPILER_APPICON_NAME = AppIcon;
				INFOPLIST_FILE = "iOS Custom TableViewCell Example/Info.plist";
				LD_RUNPATH_SEARCH_PATHS = "$(inherited) @executable_path/Frameworks";
				PRODUCT_BUNDLE_IDENTIFIER = "mkhglab.iOS-Custom-TableViewCell-Example";
				PRODUCT_NAME = "$(TARGET_NAME)";
				SWIFT_VERSION = 3.0;
			};
			name = Debug;
		};
		432FFCBA1E2D3BC2005BFBDA /* Release */ = {
			isa = XCBuildConfiguration;
			buildSettings = {
				ASSETCATALOG_COMPILER_APPICON_NAME = AppIcon;
				INFOPLIST_FILE = "iOS Custom TableViewCell Example/Info.plist";
				LD_RUNPATH_SEARCH_PATHS = "$(inherited) @executable_path/Frameworks";
				PRODUCT_BUNDLE_IDENTIFIER = "mkhglab.iOS-Custom-TableViewCell-Example";
				PRODUCT_NAME = "$(TARGET_NAME)";
				SWIFT_VERSION = 3.0;
			};
			name = Release;
		};
/* End XCBuildConfiguration section */

/* Begin XCConfigurationList section */
		432FFCA11E2D3BC1005BFBDA /* Build configuration list for PBXProject "iOS Custom TableViewCell Example" */ = {
			isa = XCConfigurationList;
			buildConfigurations = (
				432FFCB61E2D3BC2005BFBDA /* Debug */,
				432FFCB71E2D3BC2005BFBDA /* Release */,
			);
			defaultConfigurationIsVisible = 0;
			defaultConfigurationName = Release;
		};
		432FFCB81E2D3BC2005BFBDA /* Build configuration list for PBXNativeTarget "iOS Custom TableViewCell Example" */ = {
			isa = XCConfigurationList;
			buildConfigurations = (
				432FFCB91E2D3BC2005BFBDA /* Debug */,
				432FFCBA1E2D3BC2005BFBDA /* Release */,
			);
			defaultConfigurationIsVisible = 0;
		};
/* End XCConfigurationList section */
	};
	rootObject = 432FFC9E1E2D3BC1005BFBDA /* Project object */;
}
